
Microsoft Visual Studio Solution File, Format Version 12.00
# Visual Studio 15
VisualStudioVersion = 15.0.27130.2003
MinimumVisualStudioVersion = 10.0.40219.1
Project("{8BC9CEB8-8B4A-11D0-8D11-00A0C91BC942}") = "1_App_Colecciones", "1_App_Colecciones\1_App_Colecciones.vcxproj", "{50DEE9C3-CE40-4C3B-9289-9FB5723BA106}"
EndProject
Project("{8BC9CEB8-8B4A-11D0-8D11-00A0C91BC942}") = "2_App_Algoritmos", "2_App_Algoritmos\2_App_Algoritmos.vcxproj", "{BFC83275-2F94-41F2-87DF-8651865262C2}"
EndProject
Global
	GlobalSection(SolutionConfigurationPlatforms) = preSolution
		Debug|x64 = Debug|x64
		Debug|x86 = Debug|x86
		Release|x64 = Release|x64
		Release|x86 = Release|x86
	EndGlobalSection
	GlobalSection(ProjectConfigurationPlatforms) = postSolution
		{50DEE9C3-CE40-4C3B-9289-9FB5723BA106}.Debug|x64.ActiveCfg = Debug|x64
		{50DEE9C3-CE40-4C3B-9289-9FB5723BA106}.Debug|x64.Build.0 = Debug|x64
		{50DEE9C3-CE40-4C3B-9289-9FB5723BA106}.Debug|x86.ActiveCfg = Debug|Win32
		{50DEE9C3-CE40-4C3B-9289-9FB5723BA106}.Debug|x86.Build.0 = Debug|Win32
		{50DEE9C3-CE40-4C3B-9289-9FB5723BA106}.Release|x64.ActiveCfg = Release|x64
		{50DEE9C3-CE40-4C3B-9289-9FB5723BA106}.Release|x64.Build.0 = Release|x64
		{50DEE9C3-CE40-4C3B-9289-9FB5723BA106}.Release|x86.ActiveCfg = Release|Win32
		{50DEE9C3-CE40-4C3B-9289-9FB5723BA106}.Release|x86.Build.0 = Release|Win32
		{BFC83275-2F94-41F2-87DF-8651865262C2}.Debug|x64.ActiveCfg = Debug|x64
		{BFC83275-2F94-41F2-87DF-8651865262C2}.Debug|x64.Build.0 = Debug|x64
		{BFC83275-2F94-41F2-87DF-8651865262C2}.Debug|x86.ActiveCfg = Debug|Win32
		{BFC83275-2F94-41F2-87DF-8651865262C2}.Debug|x86.Build.0 = Debug|Win32
		{BFC83275-2F94-41F2-87DF-8651865262C2}.Release|x64.ActiveCfg = Release|x64
		{BFC83275-2F94-41F2-87DF-8651865262C2}.Release|x64.Build.0 = Release|x64
		{BFC83275-2F94-41F2-87DF-8651865262C2}.Release|x86.ActiveCfg = Release|Win32
		{BFC83275-2F94-41F2-87DF-8651865262C2}.Release|x86.Build.0 = Release|Win32
	EndGlobalSection
	GlobalSection(SolutionProperties) = preSolution
		HideSolutionNode = FALSE
	EndGlobalSection
	GlobalSection(ExtensibilityGlobals) = postSolution
		SolutionGuid = {B8A149B8-5179-4F5E-86BF-874407247E06}
	EndGlobalSection
EndGlobal
